
Microsoft Visual Studio Solution File, Format Version 12.00
# Visual Studio Version 16
VisualStudioVersion = 16.0.31129.286
MinimumVisualStudioVersion = 10.0.40219.1
Project("{FAE04EC0-301F-11D3-BF4B-00C04F79EFBC}") = "2.4.6", "2.4.6.csproj", "{EC15CA16-9461-44DE-BCEF-34A5121CABCB}"
EndProject
Global
	GlobalSection(SolutionConfigurationPlatforms) = preSolution
		Debug|Any CPU = Debug|Any CPU
		Release|Any CPU = Release|Any CPU
	EndGlobalSection
	GlobalSection(ProjectConfigurationPlatforms) = postSolution
		{EC15CA16-9461-44DE-BCEF-34A5121CABCB}.Debug|Any CPU.ActiveCfg = Debug|Any CPU
		{EC15CA16-9461-44DE-BCEF-34A5121CABCB}.Debug|Any CPU.Build.0 = Debug|Any CPU
		{EC15CA16-9461-44DE-BCEF-34A5121CABCB}.Release|Any CPU.ActiveCfg = Release|Any CPU
		{EC15CA16-9461-44DE-BCEF-34A5121CABCB}.Release|Any CPU.Build.0 = Release|Any CPU
	EndGlobalSection
	GlobalSection(SolutionProperties) = preSolution
		HideSolutionNode = FALSE
	EndGlobalSection
	GlobalSection(ExtensibilityGlobals) = postSolution
		SolutionGuid = {41BA022B-FA96-4D06-9B28-00A32FBD97C3}
	EndGlobalSection
EndGlobal
