
Microsoft Visual Studio Solution File, Format Version 12.00
# Visual Studio Version 16
VisualStudioVersion = 16.0.31729.503
MinimumVisualStudioVersion = 10.0.40219.1
Project("{FAE04EC0-301F-11D3-BF4B-00C04F79EFBC}") = "zad1", "zad1.csproj", "{FF11C878-AAE7-4AA9-83D7-49F996FAD872}"
EndProject
Global
	GlobalSection(SolutionConfigurationPlatforms) = preSolution
		Debug|Any CPU = Debug|Any CPU
		Release|Any CPU = Release|Any CPU
	EndGlobalSection
	GlobalSection(ProjectConfigurationPlatforms) = postSolution
		{FF11C878-AAE7-4AA9-83D7-49F996FAD872}.Debug|Any CPU.ActiveCfg = Debug|Any CPU
		{FF11C878-AAE7-4AA9-83D7-49F996FAD872}.Debug|Any CPU.Build.0 = Debug|Any CPU
		{FF11C878-AAE7-4AA9-83D7-49F996FAD872}.Release|Any CPU.ActiveCfg = Release|Any CPU
		{FF11C878-AAE7-4AA9-83D7-49F996FAD872}.Release|Any CPU.Build.0 = Release|Any CPU
	EndGlobalSection
	GlobalSection(SolutionProperties) = preSolution
		HideSolutionNode = FALSE
	EndGlobalSection
	GlobalSection(ExtensibilityGlobals) = postSolution
		SolutionGuid = {65DE5364-57E2-4C09-B3C6-F49FC1F7F822}
	EndGlobalSection
EndGlobal
