
Microsoft Visual Studio Solution File, Format Version 12.00
# Visual Studio Version 16
VisualStudioVersion = 16.0.31729.503
MinimumVisualStudioVersion = 10.0.40219.1
Project("{FAE04EC0-301F-11D3-BF4B-00C04F79EFBC}") = "zad4", "zad4.csproj", "{F79BA48F-8FB8-46E7-B058-05253E42A38A}"
EndProject
Global
	GlobalSection(SolutionConfigurationPlatforms) = preSolution
		Debug|Any CPU = Debug|Any CPU
		Release|Any CPU = Release|Any CPU
	EndGlobalSection
	GlobalSection(ProjectConfigurationPlatforms) = postSolution
		{F79BA48F-8FB8-46E7-B058-05253E42A38A}.Debug|Any CPU.ActiveCfg = Debug|Any CPU
		{F79BA48F-8FB8-46E7-B058-05253E42A38A}.Debug|Any CPU.Build.0 = Debug|Any CPU
		{F79BA48F-8FB8-46E7-B058-05253E42A38A}.Release|Any CPU.ActiveCfg = Release|Any CPU
		{F79BA48F-8FB8-46E7-B058-05253E42A38A}.Release|Any CPU.Build.0 = Release|Any CPU
	EndGlobalSection
	GlobalSection(SolutionProperties) = preSolution
		HideSolutionNode = FALSE
	EndGlobalSection
	GlobalSection(ExtensibilityGlobals) = postSolution
		SolutionGuid = {2CEEF992-2CE6-4D08-85DD-ACFC6E934543}
	EndGlobalSection
EndGlobal
