
Microsoft Visual Studio Solution File, Format Version 12.00
# Visual Studio Version 16
VisualStudioVersion = 16.0.31729.503
MinimumVisualStudioVersion = 10.0.40219.1
Project("{FAE04EC0-301F-11D3-BF4B-00C04F79EFBC}") = "zad3", "zad3.csproj", "{8DBA8828-E37C-4913-A116-40723C251A82}"
EndProject
Global
	GlobalSection(SolutionConfigurationPlatforms) = preSolution
		Debug|Any CPU = Debug|Any CPU
		Release|Any CPU = Release|Any CPU
	EndGlobalSection
	GlobalSection(ProjectConfigurationPlatforms) = postSolution
		{8DBA8828-E37C-4913-A116-40723C251A82}.Debug|Any CPU.ActiveCfg = Debug|Any CPU
		{8DBA8828-E37C-4913-A116-40723C251A82}.Debug|Any CPU.Build.0 = Debug|Any CPU
		{8DBA8828-E37C-4913-A116-40723C251A82}.Release|Any CPU.ActiveCfg = Release|Any CPU
		{8DBA8828-E37C-4913-A116-40723C251A82}.Release|Any CPU.Build.0 = Release|Any CPU
	EndGlobalSection
	GlobalSection(SolutionProperties) = preSolution
		HideSolutionNode = FALSE
	EndGlobalSection
	GlobalSection(ExtensibilityGlobals) = postSolution
		SolutionGuid = {70B875CE-50AB-44C0-B4A3-28FAF46F273C}
	EndGlobalSection
EndGlobal
