
Microsoft Visual Studio Solution File, Format Version 12.00
# Visual Studio Version 16
VisualStudioVersion = 16.0.31729.503
MinimumVisualStudioVersion = 10.0.40219.1
Project("{FAE04EC0-301F-11D3-BF4B-00C04F79EFBC}") = "zad8", "zad8.csproj", "{A1FCE6CE-90E4-45EB-9C47-06D4C4B39F96}"
EndProject
Global
	GlobalSection(SolutionConfigurationPlatforms) = preSolution
		Debug|Any CPU = Debug|Any CPU
		Release|Any CPU = Release|Any CPU
	EndGlobalSection
	GlobalSection(ProjectConfigurationPlatforms) = postSolution
		{A1FCE6CE-90E4-45EB-9C47-06D4C4B39F96}.Debug|Any CPU.ActiveCfg = Debug|Any CPU
		{A1FCE6CE-90E4-45EB-9C47-06D4C4B39F96}.Debug|Any CPU.Build.0 = Debug|Any CPU
		{A1FCE6CE-90E4-45EB-9C47-06D4C4B39F96}.Release|Any CPU.ActiveCfg = Release|Any CPU
		{A1FCE6CE-90E4-45EB-9C47-06D4C4B39F96}.Release|Any CPU.Build.0 = Release|Any CPU
	EndGlobalSection
	GlobalSection(SolutionProperties) = preSolution
		HideSolutionNode = FALSE
	EndGlobalSection
	GlobalSection(ExtensibilityGlobals) = postSolution
		SolutionGuid = {6CF93575-041A-460F-9C7D-A7500502D51C}
	EndGlobalSection
EndGlobal
