
Microsoft Visual Studio Solution File, Format Version 12.00
# Visual Studio Version 16
VisualStudioVersion = 16.0.31025.194
MinimumVisualStudioVersion = 10.0.40219.1
Project("{FAE04EC0-301F-11D3-BF4B-00C04F79EFBC}") = "1.4.2", "1.4.2.csproj", "{02576272-8CFA-4381-A8F4-21D1EE0B176B}"
EndProject
Global
	GlobalSection(SolutionConfigurationPlatforms) = preSolution
		Debug|Any CPU = Debug|Any CPU
		Release|Any CPU = Release|Any CPU
	EndGlobalSection
	GlobalSection(ProjectConfigurationPlatforms) = postSolution
		{02576272-8CFA-4381-A8F4-21D1EE0B176B}.Debug|Any CPU.ActiveCfg = Debug|Any CPU
		{02576272-8CFA-4381-A8F4-21D1EE0B176B}.Debug|Any CPU.Build.0 = Debug|Any CPU
		{02576272-8CFA-4381-A8F4-21D1EE0B176B}.Release|Any CPU.ActiveCfg = Release|Any CPU
		{02576272-8CFA-4381-A8F4-21D1EE0B176B}.Release|Any CPU.Build.0 = Release|Any CPU
	EndGlobalSection
	GlobalSection(SolutionProperties) = preSolution
		HideSolutionNode = FALSE
	EndGlobalSection
	GlobalSection(ExtensibilityGlobals) = postSolution
		SolutionGuid = {D22EDDDD-256C-45B4-948B-5FD6FE9E3A8C}
	EndGlobalSection
EndGlobal
