
Microsoft Visual Studio Solution File, Format Version 12.00
# Visual Studio Version 16
VisualStudioVersion = 16.0.31129.286
MinimumVisualStudioVersion = 10.0.40219.1
Project("{FAE04EC0-301F-11D3-BF4B-00C04F79EFBC}") = "2", "2.csproj", "{BFEC833D-6DE0-4AE0-86B1-F59F73991E65}"
EndProject
Global
	GlobalSection(SolutionConfigurationPlatforms) = preSolution
		Debug|Any CPU = Debug|Any CPU
		Release|Any CPU = Release|Any CPU
	EndGlobalSection
	GlobalSection(ProjectConfigurationPlatforms) = postSolution
		{BFEC833D-6DE0-4AE0-86B1-F59F73991E65}.Debug|Any CPU.ActiveCfg = Debug|Any CPU
		{BFEC833D-6DE0-4AE0-86B1-F59F73991E65}.Debug|Any CPU.Build.0 = Debug|Any CPU
		{BFEC833D-6DE0-4AE0-86B1-F59F73991E65}.Release|Any CPU.ActiveCfg = Release|Any CPU
		{BFEC833D-6DE0-4AE0-86B1-F59F73991E65}.Release|Any CPU.Build.0 = Release|Any CPU
	EndGlobalSection
	GlobalSection(SolutionProperties) = preSolution
		HideSolutionNode = FALSE
	EndGlobalSection
	GlobalSection(ExtensibilityGlobals) = postSolution
		SolutionGuid = {55E4CF0C-1A2D-43FB-8190-A9CBDABD9BB6}
	EndGlobalSection
EndGlobal
