
Microsoft Visual Studio Solution File, Format Version 12.00
# Visual Studio Version 16
VisualStudioVersion = 16.0.31729.503
MinimumVisualStudioVersion = 10.0.40219.1
Project("{FAE04EC0-301F-11D3-BF4B-00C04F79EFBC}") = "zad4", "zad4.csproj", "{F80C39ED-EDCB-4891-BF87-76909ACFD474}"
EndProject
Global
	GlobalSection(SolutionConfigurationPlatforms) = preSolution
		Debug|Any CPU = Debug|Any CPU
		Release|Any CPU = Release|Any CPU
	EndGlobalSection
	GlobalSection(ProjectConfigurationPlatforms) = postSolution
		{F80C39ED-EDCB-4891-BF87-76909ACFD474}.Debug|Any CPU.ActiveCfg = Debug|Any CPU
		{F80C39ED-EDCB-4891-BF87-76909ACFD474}.Debug|Any CPU.Build.0 = Debug|Any CPU
		{F80C39ED-EDCB-4891-BF87-76909ACFD474}.Release|Any CPU.ActiveCfg = Release|Any CPU
		{F80C39ED-EDCB-4891-BF87-76909ACFD474}.Release|Any CPU.Build.0 = Release|Any CPU
	EndGlobalSection
	GlobalSection(SolutionProperties) = preSolution
		HideSolutionNode = FALSE
	EndGlobalSection
	GlobalSection(ExtensibilityGlobals) = postSolution
		SolutionGuid = {751A0732-63A2-4376-875C-7477E75999F4}
	EndGlobalSection
EndGlobal
