
Microsoft Visual Studio Solution File, Format Version 12.00
# Visual Studio Version 16
VisualStudioVersion = 16.0.31729.503
MinimumVisualStudioVersion = 10.0.40219.1
Project("{FAE04EC0-301F-11D3-BF4B-00C04F79EFBC}") = "zad2", "zad2.csproj", "{ABF8DC64-D356-4920-9250-C9E932A15739}"
EndProject
Global
	GlobalSection(SolutionConfigurationPlatforms) = preSolution
		Debug|Any CPU = Debug|Any CPU
		Release|Any CPU = Release|Any CPU
	EndGlobalSection
	GlobalSection(ProjectConfigurationPlatforms) = postSolution
		{ABF8DC64-D356-4920-9250-C9E932A15739}.Debug|Any CPU.ActiveCfg = Debug|Any CPU
		{ABF8DC64-D356-4920-9250-C9E932A15739}.Debug|Any CPU.Build.0 = Debug|Any CPU
		{ABF8DC64-D356-4920-9250-C9E932A15739}.Release|Any CPU.ActiveCfg = Release|Any CPU
		{ABF8DC64-D356-4920-9250-C9E932A15739}.Release|Any CPU.Build.0 = Release|Any CPU
	EndGlobalSection
	GlobalSection(SolutionProperties) = preSolution
		HideSolutionNode = FALSE
	EndGlobalSection
	GlobalSection(ExtensibilityGlobals) = postSolution
		SolutionGuid = {794CF264-C4DD-402A-A51F-BAE31C1CE805}
	EndGlobalSection
EndGlobal
