
Microsoft Visual Studio Solution File, Format Version 12.00
# Visual Studio Version 16
VisualStudioVersion = 16.0.31729.503
MinimumVisualStudioVersion = 10.0.40219.1
Project("{FAE04EC0-301F-11D3-BF4B-00C04F79EFBC}") = "class3", "class3.csproj", "{13908AC5-9051-4DD1-B7F8-9D3365A31E79}"
EndProject
Global
	GlobalSection(SolutionConfigurationPlatforms) = preSolution
		Debug|Any CPU = Debug|Any CPU
		Release|Any CPU = Release|Any CPU
	EndGlobalSection
	GlobalSection(ProjectConfigurationPlatforms) = postSolution
		{13908AC5-9051-4DD1-B7F8-9D3365A31E79}.Debug|Any CPU.ActiveCfg = Debug|Any CPU
		{13908AC5-9051-4DD1-B7F8-9D3365A31E79}.Debug|Any CPU.Build.0 = Debug|Any CPU
		{13908AC5-9051-4DD1-B7F8-9D3365A31E79}.Release|Any CPU.ActiveCfg = Release|Any CPU
		{13908AC5-9051-4DD1-B7F8-9D3365A31E79}.Release|Any CPU.Build.0 = Release|Any CPU
	EndGlobalSection
	GlobalSection(SolutionProperties) = preSolution
		HideSolutionNode = FALSE
	EndGlobalSection
	GlobalSection(ExtensibilityGlobals) = postSolution
		SolutionGuid = {5253059E-866D-438D-8D51-564ED50E2719}
	EndGlobalSection
EndGlobal
