
Microsoft Visual Studio Solution File, Format Version 12.00
# Visual Studio Version 16
VisualStudioVersion = 16.0.31129.286
MinimumVisualStudioVersion = 10.0.40219.1
Project("{FAE04EC0-301F-11D3-BF4B-00C04F79EFBC}") = "1", "1.csproj", "{945A8BF3-A9A3-4526-B6D3-86F747ACA712}"
EndProject
Global
	GlobalSection(SolutionConfigurationPlatforms) = preSolution
		Debug|Any CPU = Debug|Any CPU
		Release|Any CPU = Release|Any CPU
	EndGlobalSection
	GlobalSection(ProjectConfigurationPlatforms) = postSolution
		{945A8BF3-A9A3-4526-B6D3-86F747ACA712}.Debug|Any CPU.ActiveCfg = Debug|Any CPU
		{945A8BF3-A9A3-4526-B6D3-86F747ACA712}.Debug|Any CPU.Build.0 = Debug|Any CPU
		{945A8BF3-A9A3-4526-B6D3-86F747ACA712}.Release|Any CPU.ActiveCfg = Release|Any CPU
		{945A8BF3-A9A3-4526-B6D3-86F747ACA712}.Release|Any CPU.Build.0 = Release|Any CPU
	EndGlobalSection
	GlobalSection(SolutionProperties) = preSolution
		HideSolutionNode = FALSE
	EndGlobalSection
	GlobalSection(ExtensibilityGlobals) = postSolution
		SolutionGuid = {6C259382-3F36-4295-B65E-EF01C111E234}
	EndGlobalSection
EndGlobal
